{
  "name": "arche",
  "version": "0.1.0",
  "lockfileVersion": 1,
  "requires": true,
  "dependencies": {
    "@fortawesome/fontawesome": {
      "version": "1.1.3",
      "resolved": "https://registry.npmjs.org/@fortawesome/fontawesome/-/fontawesome-1.1.3.tgz",
      "integrity": "sha512-zSKSJsYpV8jHUJYni6YNLN7pOcTBXG4sNVX4vXL6IJsqlwosyZm/IftWNOwbr4tbw3O1MxeY05TzYfjVB3T+QQ==",
      "requires": {
        "@fortawesome/fontawesome-common-types": "0.1.2"
      }
    },
    "@fortawesome/fontawesome-common-types": {
      "version": "0.1.2",
      "resolved": "https://registry.npmjs.org/@fortawesome/fontawesome-common-types/-/fontawesome-common-types-0.1.2.tgz",
      "integrity": "sha512-l6pzAz8wVL7Z6CD/hYN7593xogzMFfX04dwyniqDswT8whGSopSG3UMOIx7xkBFbnXTdRgi4/2tbwFXyBy2WBw=="
    },
    "@fortawesome/fontawesome-free-brands": {
      "version": "5.0.6",
      "resolved": "https://registry.npmjs.org/@fortawesome/fontawesome-free-brands/-/fontawesome-free-brands-5.0.6.tgz",
      "integrity": "sha512-rDf1kn/rnddo+PE9WCZhCRqHsa5kPm1IiA5sVfKrnT2TAn2RfNbHp3hddl+DDBbgW2DLiT0Y7xZTY7OHUR428A==",
      "requires": {
        "@fortawesome/fontawesome-common-types": "0.1.2"
      }
    },
    "@fortawesome/fontawesome-free-regular": {
      "version": "5.0.6",
      "resolved": "https://registry.npmjs.org/@fortawesome/fontawesome-free-regular/-/fontawesome-free-regular-5.0.6.tgz",
      "integrity": "sha512-BIu/uFfyrV7SfXLtQbmBFlm+Nt1v6eBnwkTmlvaP9LK5F/r+NTS5Fk86ai4hwCkms8EmE3kGIZXggZwHNT14GQ==",
      "requires": {
        "@fortawesome/fontawesome-common-types": "0.1.2"
      }
    },
    "@fortawesome/fontawesome-free-solid": {
      "version": "5.0.6",
      "resolved": "https://registry.npmjs.org/@fortawesome/fontawesome-free-solid/-/fontawesome-free-solid-5.0.6.tgz",
      "integrity": "sha512-vpysFybs2fWuI5RblDQX8r20vMX1Kc9yXmqoJ5RGOdRiXs105FLzJgGK1UlYf2NeECdvZ/O65Oo74oDgshpE7A==",
      "requires": {
        "@fortawesome/fontawesome-common-types": "0.1.2"
      }
    },
    "bootstrap": {
      "version": "4.0.0",
      "resolved": "https://registry.npmjs.org/bootstrap/-/bootstrap-4.0.0.tgz",
      "integrity": "sha512-gulJE5dGFo6Q61V/whS6VM4WIyrlydXfCgkE+Gxe5hjrJ8rXLLZlALq7zq2RPhOc45PSwQpJkrTnc2KgD6cvmA=="
    },
    "clone": {
      "version": "2.1.1",
      "resolved": "https://registry.npmjs.org/clone/-/clone-2.1.1.tgz",
      "integrity": "sha1-0hfR6WERjjrJpLi7oyhVU79kfNs="
    },
    "deep-equal": {
      "version": "1.0.1",
      "resolved": "https://registry.npmjs.org/deep-equal/-/deep-equal-1.0.1.tgz",
      "integrity": "sha1-9dJgKStmDghO/0zbyfCK0yR0SLU="
    },
    "eventemitter3": {
      "version": "2.0.3",
      "resolved": "https://registry.npmjs.org/eventemitter3/-/eventemitter3-2.0.3.tgz",
      "integrity": "sha1-teEHm1n7XhuidxwKmTvgYKWMmbo="
    },
    "extend": {
      "version": "3.0.1",
      "resolved": "https://registry.npmjs.org/extend/-/extend-3.0.1.tgz",
      "integrity": "sha1-p1Xqe8Gt/MWjHOfnYtuq3F5jZEQ="
    },
    "fast-diff": {
      "version": "1.1.2",
      "resolved": "https://registry.npmjs.org/fast-diff/-/fast-diff-1.1.2.tgz",
      "integrity": "sha512-KaJUt+M9t1qaIteSvjc6P3RbMdXsNhK61GRftR6SNxqmhthcd9MGIi4T+o0jD8LUSpSnSKXE20nLtJ3fOHxQig=="
    },
    "hammerjs": {
      "version": "2.0.8",
      "resolved": "https://registry.npmjs.org/hammerjs/-/hammerjs-2.0.8.tgz",
      "integrity": "sha1-BO93hiz/K7edMPdpIJWTAiK/YPE="
    },
    "jquery": {
      "version": "3.3.1",
      "resolved": "https://registry.npmjs.org/jquery/-/jquery-3.3.1.tgz",
      "integrity": "sha512-Ubldcmxp5np52/ENotGxlLe6aGMvmF4R8S6tZjsP6Knsaxd/xp3Zrh50cG93lR6nPXyUFwzN3ZSOQI0wRJNdGg=="
    },
    "marked": {
      "version": "0.3.16",
      "resolved": "https://registry.npmjs.org/marked/-/marked-0.3.16.tgz",
      "integrity": "sha512-diLiAxHidES67uJ1P5unXBUB4CyOFwodKrctuK0U4Ogw865N9Aw4dLmY0BK0tGKOy3xvkdMGgUXPD6W9z1Ne0Q=="
    },
    "materialize-css": {
      "version": "0.100.2",
      "resolved": "https://registry.npmjs.org/materialize-css/-/materialize-css-0.100.2.tgz",
      "integrity": "sha512-Bf4YeoJCIdk4dlpnmVX+DIOJBbqOKwfBPD+tT5bxwXNFMLk649CGbldqtnctkkfMp+fGgSAsdYu9lo1ZolZqgA==",
      "requires": {
        "hammerjs": "2.0.8",
        "jquery": "3.3.1"
      }
    },
    "parchment": {
      "version": "1.1.3",
      "resolved": "https://registry.npmjs.org/parchment/-/parchment-1.1.3.tgz",
      "integrity": "sha512-41Y+F8FejGa+URCuDTlS1zzzlYCwoZFTWpVwiQWDL82LFAAlIIiAo3JGJSLMiSPDeM3avFUivdXN3iY/i4mBXg=="
    },
    "popper.js": {
      "version": "1.13.0",
      "resolved": "https://registry.npmjs.org/popper.js/-/popper.js-1.13.0.tgz",
      "integrity": "sha1-4ef/ZcxD98+c8W8VEKdegfhPRWU="
    },
    "quill": {
      "version": "1.3.5",
      "resolved": "https://registry.npmjs.org/quill/-/quill-1.3.5.tgz",
      "integrity": "sha512-08P1DqKz4OZPJSlwSiZQxQ1a0F56+KEz6MttlpDNE42+WpjGuOyvsEQepScpdeyilHWrQwh61M5C1KelP8I8IA==",
      "requires": {
        "clone": "2.1.1",
        "deep-equal": "1.0.1",
        "eventemitter3": "2.0.3",
        "extend": "3.0.1",
        "parchment": "1.1.3",
        "quill-delta": "3.6.2"
      }
    },
    "quill-delta": {
      "version": "3.6.2",
      "resolved": "https://registry.npmjs.org/quill-delta/-/quill-delta-3.6.2.tgz",
      "integrity": "sha512-grWEQq9woEidPDogtDNxQKmy2LFf9zBC0EU/YTSw6TwKmMjtihTxdnPtPRfrqazB2MSJ7YdCWxmsJ7aQKRSEgg==",
      "requires": {
        "deep-equal": "1.0.1",
        "extend": "3.0.1",
        "fast-diff": "1.1.2"
      }
    }
  }
}
